
Microsoft Visual Studio Solution File, Format Version 12.00
# Visual Studio Version 16
VisualStudioVersion = 16.0.28729.10
MinimumVisualStudioVersion = 10.0.40219.1
Project("{9A19103F-16F7-4668-BE54-9A1E7A4F7556}") = "NetCoreWebApi", "NetCoreWebApi\NetCoreWebApi.csproj", "{B6C55B90-0823-4A8D-AA06-DB491A29E093}"
EndProject
Project("{9A19103F-16F7-4668-BE54-9A1E7A4F7556}") = "ES.NetCore.LoggingMiddleware", "ES.NetCore.LoggingMiddleware\ES.NetCore.LoggingMiddleware.csproj", "{E7B5BE32-B569-40B8-80B7-3FC06890BB85}"
EndProject
Project("{FAE04EC0-301F-11D3-BF4B-00C04F79EFBC}") = "FullFrameworkOwinWebApi", "FullFrameworkOwinWebApi\FullFrameworkOwinWebApi.csproj", "{94E9C75D-7C65-4D48-B5EE-7700EC419A3A}"
EndProject
Project("{FAE04EC0-301F-11D3-BF4B-00C04F79EFBC}") = "ES.LoggingMiddleware.Common", "ES.LoggingMiddleware.Common\ES.LoggingMiddleware.Common.csproj", "{04BEC9E2-0C0F-46CB-8E55-A80B33D0367D}"
EndProject
Global
	GlobalSection(SolutionConfigurationPlatforms) = preSolution
		Debug|Any CPU = Debug|Any CPU
		Release|Any CPU = Release|Any CPU
	EndGlobalSection
	GlobalSection(ProjectConfigurationPlatforms) = postSolution
		{B6C55B90-0823-4A8D-AA06-DB491A29E093}.Debug|Any CPU.ActiveCfg = Debug|Any CPU
		{B6C55B90-0823-4A8D-AA06-DB491A29E093}.Debug|Any CPU.Build.0 = Debug|Any CPU
		{B6C55B90-0823-4A8D-AA06-DB491A29E093}.Release|Any CPU.ActiveCfg = Release|Any CPU
		{B6C55B90-0823-4A8D-AA06-DB491A29E093}.Release|Any CPU.Build.0 = Release|Any CPU
		{E7B5BE32-B569-40B8-80B7-3FC06890BB85}.Debug|Any CPU.ActiveCfg = Debug|Any CPU
		{E7B5BE32-B569-40B8-80B7-3FC06890BB85}.Debug|Any CPU.Build.0 = Debug|Any CPU
		{E7B5BE32-B569-40B8-80B7-3FC06890BB85}.Release|Any CPU.ActiveCfg = Release|Any CPU
		{E7B5BE32-B569-40B8-80B7-3FC06890BB85}.Release|Any CPU.Build.0 = Release|Any CPU
		{94E9C75D-7C65-4D48-B5EE-7700EC419A3A}.Debug|Any CPU.ActiveCfg = Debug|Any CPU
		{94E9C75D-7C65-4D48-B5EE-7700EC419A3A}.Debug|Any CPU.Build.0 = Debug|Any CPU
		{94E9C75D-7C65-4D48-B5EE-7700EC419A3A}.Release|Any CPU.ActiveCfg = Release|Any CPU
		{94E9C75D-7C65-4D48-B5EE-7700EC419A3A}.Release|Any CPU.Build.0 = Release|Any CPU
		{04BEC9E2-0C0F-46CB-8E55-A80B33D0367D}.Debug|Any CPU.ActiveCfg = Debug|Any CPU
		{04BEC9E2-0C0F-46CB-8E55-A80B33D0367D}.Debug|Any CPU.Build.0 = Debug|Any CPU
		{04BEC9E2-0C0F-46CB-8E55-A80B33D0367D}.Release|Any CPU.ActiveCfg = Release|Any CPU
		{04BEC9E2-0C0F-46CB-8E55-A80B33D0367D}.Release|Any CPU.Build.0 = Release|Any CPU
	EndGlobalSection
	GlobalSection(SolutionProperties) = preSolution
		HideSolutionNode = FALSE
	EndGlobalSection
	GlobalSection(ExtensibilityGlobals) = postSolution
		SolutionGuid = {A89FC29A-FC71-4091-924E-DB2B8B64FD15}
	EndGlobalSection
EndGlobal
